<?xml version="1.0" encoding="utf-8"?>
<Project ToolsVersion="4.0" xmlns="http://schemas.microsoft.com/developer/msbuild/2003">
  <ItemGroup>
    <Filter Include="Source Files">
      <UniqueIdentifier>{4FC737F1-C7A5-4376-A066-2A32D752A2FF}</UniqueIdentifier>
      <Extensions>cpp;c;cc;cxx;def;odl;idl;hpj;bat;asm;asmx</Extensions>
    </Filter>
    <Filter Include="Header Files">
      <UniqueIdentifier>{93995380-89BD-4b04-88EB-625FBE52EBFB}</UniqueIdentifier>
      <Extensions>h;hh;hpp;hxx;hm;inl;inc;xsd</Extensions>
    </Filter>
    <Filter Include="Resource Files">
      <UniqueIdentifier>{67DA6AB6-F800-4c08-8B7A-83BB121AAD01}</UniqueIdentifier>
      <Extensions>rc;ico;cur;bmp;dlg;rc2;rct;bin;rgs;gif;jpg;jpeg;jpe;resx;tiff;tif;png;wav;mfcribbon-ms</Extensions>
    </Filter>
    <Filter Include="Header Files\Components">
      <UniqueIdentifier>{686e4859-911c-428b-a15a-283a0ccd40b9}</UniqueIdentifier>
    </Filter>
    <Filter Include="Source Files\Components">
      <UniqueIdentifier>{b00c8a97-9519-4c04-89df-2dd1ab241c1e}</UniqueIdentifier>
    </Filter>
    <Filter Include="Imgui">
      <UniqueIdentifier>{6c685b7b-52d4-4d82-a62c-14a72c388247}</UniqueIdentifier>
    </Filter>
    <Filter Include="Header Files\Input">
      <UniqueIdentifier>{c759b688-278c-4f64-bdc6-f832150b6124}</UniqueIdentifier>
    </Filter>
    <Filter Include="Source Files\Input">
      <UniqueIdentifier>{1b7eaafa-9cd9-430e-9517-44a7abc1927a}</UniqueIdentifier>
    </Filter>
    <Filter Include="Source Files\Events">
      <UniqueIdentifier>{9fe6c465-390f-4166-9501-75c3efae6c24}</UniqueIdentifier>
    </Filter>
    <Filter Include="Header Files\Events">
      <UniqueIdentifier>{351f3198-8187-4978-a1e1-de5d8c7ca773}</UniqueIdentifier>
    </Filter>
  </ItemGroup>
  <ItemGroup>
    <ClInclude Include="Singleton.h">
      <Filter>Header Files</Filter>
    </ClInclude>
    <ClInclude Include="ResourceManager.h">
      <Filter>Header Files</Filter>
    </ClInclude>
    <ClInclude Include="Renderer.h">
      <Filter>Header Files</Filter>
    </ClInclude>
    <ClInclude Include="Texture2D.h">
      <Filter>Header Files</Filter>
    </ClInclude>
    <ClInclude Include="InputManager.h">
      <Filter>Header Files</Filter>
    </ClInclude>
    <ClInclude Include="GameObject.h">
      <Filter>Header Files</Filter>
    </ClInclude>
    <ClInclude Include="Transform.h">
      <Filter>Header Files</Filter>
    </ClInclude>
    <ClInclude Include="Scene.h">
      <Filter>Header Files</Filter>
    </ClInclude>
    <ClInclude Include="SceneManager.h">
      <Filter>Header Files</Filter>
    </ClInclude>
    <ClInclude Include="TextObject.h">
      <Filter>Header Files</Filter>
    </ClInclude>
    <ClInclude Include="Font.h">
      <Filter>Header Files</Filter>
    </ClInclude>
    <ClInclude Include="Minigin.h">
      <Filter>Header Files</Filter>
    </ClInclude>
    <ClInclude Include="BaseComponent.h">
      <Filter>Header Files\Components</Filter>
    </ClInclude>
    <ClInclude Include="RenderComponent.h">
      <Filter>Header Files\Components</Filter>
    </ClInclude>
    <ClInclude Include="TransformComponent.h">
      <Filter>Header Files\Components</Filter>
    </ClInclude>
    <ClInclude Include="TextComponent.h">
      <Filter>Header Files\Components</Filter>
    </ClInclude>
    <ClInclude Include="FPSComponent.h">
      <Filter>Header Files\Components</Filter>
    </ClInclude>
    <ClInclude Include="MoveInCircleComponent.h">
      <Filter>Header Files\Components</Filter>
    </ClInclude>
    <ClInclude Include="..\3rdParty\imgui\imconfig.h">
      <Filter>Imgui</Filter>
    </ClInclude>
    <ClInclude Include="..\3rdParty\imgui\imgui.h">
      <Filter>Imgui</Filter>
    </ClInclude>
    <ClInclude Include="..\3rdParty\imgui\imgui_internal.h">
      <Filter>Imgui</Filter>
    </ClInclude>
    <ClInclude Include="..\3rdParty\imgui\imstb_rectpack.h">
      <Filter>Imgui</Filter>
    </ClInclude>
    <ClInclude Include="..\3rdParty\imgui\imstb_textedit.h">
      <Filter>Imgui</Filter>
    </ClInclude>
    <ClInclude Include="..\3rdParty\imgui\imstb_truetype.h">
      <Filter>Imgui</Filter>
    </ClInclude>
    <ClInclude Include="..\3rdParty\imgui\backends\imgui_impl_opengl2.h">
      <Filter>Imgui</Filter>
    </ClInclude>
    <ClInclude Include="..\3rdParty\imgui\backends\imgui_impl_sdl2.h">
      <Filter>Imgui</Filter>
    </ClInclude>
    <ClInclude Include="..\3rdParty\imgui\imgui_plot.h">
      <Filter>Imgui</Filter>
    </ClInclude>
    <ClInclude Include="Controller.h">
      <Filter>Header Files\Input</Filter>
    </ClInclude>
    <ClInclude Include="Command.h">
      <Filter>Header Files\Input</Filter>
    </ClInclude>
    <ClInclude Include="Input.h">
      <Filter>Header Files\Input</Filter>
    </ClInclude>
    <ClInclude Include="Observer.h">
      <Filter>Header Files\Events</Filter>
    </ClInclude>
    <ClInclude Include="UIDisplay.h">
      <Filter>Header Files\Events</Filter>
    </ClInclude>
    <ClInclude Include="Subject.h">
      <Filter>Header Files\Events</Filter>
    </ClInclude>
    <ClInclude Include="ScoreComponent.h">
      <Filter>Header Files\Components</Filter>
    </ClInclude>
    <ClInclude Include="LiveComponent.h">
      <Filter>Header Files\Components</Filter>
    </ClInclude>
    <ClInclude Include="Achievements.h">
      <Filter>Header Files\Events</Filter>
    </ClInclude>
    <ClInclude Include="resource.h">
      <Filter>Header Files</Filter>
    </ClInclude>
    <ClInclude Include="CSteamAchievements.h">
      <Filter>Header Files\Events</Filter>
    </ClInclude>
  </ItemGroup>
  <ItemGroup>
    <ClCompile Include="ResourceManager.cpp">
      <Filter>Source Files</Filter>
    </ClCompile>
    <ClCompile Include="Renderer.cpp">
      <Filter>Source Files</Filter>
    </ClCompile>
    <ClCompile Include="Texture2D.cpp">
      <Filter>Source Files</Filter>
    </ClCompile>
    <ClCompile Include="InputManager.cpp">
      <Filter>Source Files</Filter>
    </ClCompile>
    <ClCompile Include="GameObject.cpp">
      <Filter>Source Files</Filter>
    </ClCompile>
    <ClCompile Include="Transform.cpp">
      <Filter>Source Files</Filter>
    </ClCompile>
    <ClCompile Include="Scene.cpp">
      <Filter>Source Files</Filter>
    </ClCompile>
    <ClCompile Include="SceneManager.cpp">
      <Filter>Source Files</Filter>
    </ClCompile>
    <ClCompile Include="TextObject.cpp">
      <Filter>Source Files</Filter>
    </ClCompile>
    <ClCompile Include="Font.cpp">
      <Filter>Source Files</Filter>
    </ClCompile>
    <ClCompile Include="Main.cpp">
      <Filter>Source Files</Filter>
    </ClCompile>
    <ClCompile Include="Minigin.cpp">
      <Filter>Source Files</Filter>
    </ClCompile>
    <ClCompile Include="BaseComponent.cpp">
      <Filter>Source Files\Components</Filter>
    </ClCompile>
    <ClCompile Include="RenderComponent.cpp">
      <Filter>Source Files\Components</Filter>
    </ClCompile>
    <ClCompile Include="TransformComponent.cpp">
      <Filter>Source Files\Components</Filter>
    </ClCompile>
    <ClCompile Include="TextComponent.cpp">
      <Filter>Source Files\Components</Filter>
    </ClCompile>
    <ClCompile Include="FPSComponent.cpp">
      <Filter>Source Files\Components</Filter>
    </ClCompile>
    <ClCompile Include="MoveInCircleComponent.cpp">
      <Filter>Source Files\Components</Filter>
    </ClCompile>
    <ClCompile Include="..\3rdParty\imgui\imgui.cpp">
      <Filter>Imgui</Filter>
    </ClCompile>
    <ClCompile Include="..\3rdParty\imgui\imgui_demo.cpp">
      <Filter>Imgui</Filter>
    </ClCompile>
    <ClCompile Include="..\3rdParty\imgui\imgui_draw.cpp">
      <Filter>Imgui</Filter>
    </ClCompile>
    <ClCompile Include="..\3rdParty\imgui\imgui_tables.cpp">
      <Filter>Imgui</Filter>
    </ClCompile>
    <ClCompile Include="..\3rdParty\imgui\imgui_widgets.cpp">
      <Filter>Imgui</Filter>
    </ClCompile>
    <ClCompile Include="..\3rdParty\imgui\backends\imgui_impl_opengl2.cpp">
      <Filter>Imgui</Filter>
    </ClCompile>
    <ClCompile Include="..\3rdParty\imgui\backends\imgui_impl_sdl2.cpp">
      <Filter>Imgui</Filter>
    </ClCompile>
    <ClCompile Include="..\3rdParty\imgui\imgui_plot.cpp">
      <Filter>Imgui</Filter>
    </ClCompile>
    <ClCompile Include="Controller.cpp">
      <Filter>Source Files\Input</Filter>
    </ClCompile>
    <ClCompile Include="Command.cpp">
      <Filter>Source Files\Input</Filter>
    </ClCompile>
    <ClCompile Include="Input.cpp">
      <Filter>Source Files\Input</Filter>
    </ClCompile>
    <ClCompile Include="Observer.cpp">
      <Filter>Source Files\Events</Filter>
    </ClCompile>
    <ClCompile Include="UIDisplay.cpp">
      <Filter>Source Files\Events</Filter>
    </ClCompile>
    <ClCompile Include="Subject.cpp">
      <Filter>Source Files\Events</Filter>
    </ClCompile>
    <ClCompile Include="ScoreComponent.cpp">
      <Filter>Source Files\Components</Filter>
    </ClCompile>
    <ClCompile Include="LiveComponent.cpp">
      <Filter>Source Files\Components</Filter>
    </ClCompile>
    <ClCompile Include="Achievements.cpp">
      <Filter>Source Files\Events</Filter>
    </ClCompile>
    <ClCompile Include="CSteamAchievements.cpp">
      <Filter>Source Files\Events</Filter>
    </ClCompile>
  </ItemGroup>
  <ItemGroup>
    <ResourceCompile Include="Minigin.rc">
      <Filter>Resource Files</Filter>
    </ResourceCompile>
  </ItemGroup>
</Project>